
Microsoft Visual Studio Solution File, Format Version 12.00
# Visual Studio for Mac
Project("{FAE04EC0-301F-11D3-BF4B-00C04F79EFBC}") = "MayThirteen", "MayThirteen.csproj", "{ABDAB254-AAA3-9346-82E1-23E58090CB1A}"
EndProject
Project("{FAE04EC0-301F-11D3-BF4B-00C04F79EFBC}") = "MayThirteen.Plugins", "MayThirteen.Plugins.csproj", "{CF92ADDD-46B5-31E3-7D71-B93FCB9EF5F6}"
EndProject
Project("{FAE04EC0-301F-11D3-BF4B-00C04F79EFBC}") = "MayThirteen.Editor", "MayThirteen.Editor.csproj", "{C7AEB134-D99E-AB0B-AAC3-85E7A4FE54AD}"
EndProject
Project("{FAE04EC0-301F-11D3-BF4B-00C04F79EFBC}") = "MayThirteen.Editor.Plugins", "MayThirteen.Editor.Plugins.csproj", "{3A0AC5C3-3309-0F9D-CFFA-76F699000A70}"
EndProject
Global
	GlobalSection(SolutionConfigurationPlatforms) = preSolution
		Debug|Any CPU = Debug|Any CPU
		Release|Any CPU = Release|Any CPU
	EndGlobalSection
	GlobalSection(ProjectConfigurationPlatforms) = postSolution
		{ABDAB254-AAA3-9346-82E1-23E58090CB1A}.Debug|Any CPU.ActiveCfg = Debug|Any CPU
		{ABDAB254-AAA3-9346-82E1-23E58090CB1A}.Debug|Any CPU.Build.0 = Debug|Any CPU
		{ABDAB254-AAA3-9346-82E1-23E58090CB1A}.Release|Any CPU.ActiveCfg = Release|Any CPU
		{ABDAB254-AAA3-9346-82E1-23E58090CB1A}.Release|Any CPU.Build.0 = Release|Any CPU
		{CF92ADDD-46B5-31E3-7D71-B93FCB9EF5F6}.Debug|Any CPU.ActiveCfg = Debug|Any CPU
		{CF92ADDD-46B5-31E3-7D71-B93FCB9EF5F6}.Debug|Any CPU.Build.0 = Debug|Any CPU
		{CF92ADDD-46B5-31E3-7D71-B93FCB9EF5F6}.Release|Any CPU.ActiveCfg = Release|Any CPU
		{CF92ADDD-46B5-31E3-7D71-B93FCB9EF5F6}.Release|Any CPU.Build.0 = Release|Any CPU
		{C7AEB134-D99E-AB0B-AAC3-85E7A4FE54AD}.Debug|Any CPU.ActiveCfg = Debug|Any CPU
		{C7AEB134-D99E-AB0B-AAC3-85E7A4FE54AD}.Debug|Any CPU.Build.0 = Debug|Any CPU
		{C7AEB134-D99E-AB0B-AAC3-85E7A4FE54AD}.Release|Any CPU.ActiveCfg = Release|Any CPU
		{C7AEB134-D99E-AB0B-AAC3-85E7A4FE54AD}.Release|Any CPU.Build.0 = Release|Any CPU
		{3A0AC5C3-3309-0F9D-CFFA-76F699000A70}.Debug|Any CPU.ActiveCfg = Debug|Any CPU
		{3A0AC5C3-3309-0F9D-CFFA-76F699000A70}.Debug|Any CPU.Build.0 = Debug|Any CPU
		{3A0AC5C3-3309-0F9D-CFFA-76F699000A70}.Release|Any CPU.ActiveCfg = Release|Any CPU
		{3A0AC5C3-3309-0F9D-CFFA-76F699000A70}.Release|Any CPU.Build.0 = Release|Any CPU
	EndGlobalSection
	GlobalSection(SolutionProperties) = preSolution
		HideSolutionNode = FALSE
	EndGlobalSection
EndGlobal
