
Microsoft Visual Studio Solution File, Format Version 12.00
# Visual Studio 2015
Project("{FAE04EC0-301F-11D3-BF4B-00C04F79EFBC}") = "MayThirteen.CSharp.Plugins", "MayThirteen.CSharp.Plugins.csproj", "{200CDBC7-5E27-E4B9-092B-2128F95BBDF3}"
EndProject
Project("{FAE04EC0-301F-11D3-BF4B-00C04F79EFBC}") = "MayThirteen.CSharp", "MayThirteen.CSharp.csproj", "{C4724494-ED7D-EB03-2FBA-B941A41C3AE1}"
EndProject
Project("{FAE04EC0-301F-11D3-BF4B-00C04F79EFBC}") = "MayThirteen.CSharp.Editor", "MayThirteen.CSharp.Editor.csproj", "{15D1A9D4-4808-BE00-B7E8-F26909AF8DB1}"
EndProject
Global
	GlobalSection(SolutionConfigurationPlatforms) = preSolution
		Debug|Any CPU = Debug|Any CPU
		Release|Any CPU = Release|Any CPU
	EndGlobalSection
	GlobalSection(ProjectConfigurationPlatforms) = postSolution
		{200CDBC7-5E27-E4B9-092B-2128F95BBDF3}.Debug|Any CPU.ActiveCfg = Debug|Any CPU
		{200CDBC7-5E27-E4B9-092B-2128F95BBDF3}.Debug|Any CPU.Build.0 = Debug|Any CPU
		{200CDBC7-5E27-E4B9-092B-2128F95BBDF3}.Release|Any CPU.ActiveCfg = Release|Any CPU
		{200CDBC7-5E27-E4B9-092B-2128F95BBDF3}.Release|Any CPU.Build.0 = Release|Any CPU
		{C4724494-ED7D-EB03-2FBA-B941A41C3AE1}.Debug|Any CPU.ActiveCfg = Debug|Any CPU
		{C4724494-ED7D-EB03-2FBA-B941A41C3AE1}.Debug|Any CPU.Build.0 = Debug|Any CPU
		{C4724494-ED7D-EB03-2FBA-B941A41C3AE1}.Release|Any CPU.ActiveCfg = Release|Any CPU
		{C4724494-ED7D-EB03-2FBA-B941A41C3AE1}.Release|Any CPU.Build.0 = Release|Any CPU
		{15D1A9D4-4808-BE00-B7E8-F26909AF8DB1}.Debug|Any CPU.ActiveCfg = Debug|Any CPU
		{15D1A9D4-4808-BE00-B7E8-F26909AF8DB1}.Debug|Any CPU.Build.0 = Debug|Any CPU
		{15D1A9D4-4808-BE00-B7E8-F26909AF8DB1}.Release|Any CPU.ActiveCfg = Release|Any CPU
		{15D1A9D4-4808-BE00-B7E8-F26909AF8DB1}.Release|Any CPU.Build.0 = Release|Any CPU
	EndGlobalSection
	GlobalSection(SolutionProperties) = preSolution
		HideSolutionNode = FALSE
	EndGlobalSection
EndGlobal
